
Microsoft Visual Studio Solution File, Format Version 12.00
# Visual Studio Version 16
VisualStudioVersion = 16.0.29709.97
MinimumVisualStudioVersion = 10.0.40219.1
Project("{8BC9CEB8-8B4A-11D0-8D11-00A0C91BC942}") = "Heritage_HeritageMultiple", "Heritage_HeritageMultiple\Heritage_HeritageMultiple.vcxproj", "{3ABBA291-0E42-4A73-BF41-5C40BD583132}"
EndProject
Global
	GlobalSection(SolutionConfigurationPlatforms) = preSolution
		Debug|x64 = Debug|x64
		Debug|x86 = Debug|x86
		Release|x64 = Release|x64
		Release|x86 = Release|x86
	EndGlobalSection
	GlobalSection(ProjectConfigurationPlatforms) = postSolution
		{3ABBA291-0E42-4A73-BF41-5C40BD583132}.Debug|x64.ActiveCfg = Debug|x64
		{3ABBA291-0E42-4A73-BF41-5C40BD583132}.Debug|x64.Build.0 = Debug|x64
		{3ABBA291-0E42-4A73-BF41-5C40BD583132}.Debug|x86.ActiveCfg = Debug|Win32
		{3ABBA291-0E42-4A73-BF41-5C40BD583132}.Debug|x86.Build.0 = Debug|Win32
		{3ABBA291-0E42-4A73-BF41-5C40BD583132}.Release|x64.ActiveCfg = Release|x64
		{3ABBA291-0E42-4A73-BF41-5C40BD583132}.Release|x64.Build.0 = Release|x64
		{3ABBA291-0E42-4A73-BF41-5C40BD583132}.Release|x86.ActiveCfg = Release|Win32
		{3ABBA291-0E42-4A73-BF41-5C40BD583132}.Release|x86.Build.0 = Release|Win32
	EndGlobalSection
	GlobalSection(SolutionProperties) = preSolution
		HideSolutionNode = FALSE
	EndGlobalSection
	GlobalSection(ExtensibilityGlobals) = postSolution
		SolutionGuid = {4792D83C-944A-4101-9BE2-3218C1BD4104}
	EndGlobalSection
EndGlobal
